
Microsoft Visual Studio Solution File, Format Version 12.00
# Visual Studio Version 16
VisualStudioVersion = 16.0.31911.196
MinimumVisualStudioVersion = 10.0.40219.1
Project("{FAE04EC0-301F-11D3-BF4B-00C04F79EFBC}") = "PtojetJeuxVideos", "PtojetJeuxVideos.csproj", "{5BEEB110-8B33-4E79-8AFF-C0014A28FD8C}"
EndProject
Global
	GlobalSection(SolutionConfigurationPlatforms) = preSolution
		Debug|Any CPU = Debug|Any CPU
		Release|Any CPU = Release|Any CPU
	EndGlobalSection
	GlobalSection(ProjectConfigurationPlatforms) = postSolution
		{5BEEB110-8B33-4E79-8AFF-C0014A28FD8C}.Debug|Any CPU.ActiveCfg = Debug|Any CPU
		{5BEEB110-8B33-4E79-8AFF-C0014A28FD8C}.Debug|Any CPU.Build.0 = Debug|Any CPU
		{5BEEB110-8B33-4E79-8AFF-C0014A28FD8C}.Release|Any CPU.ActiveCfg = Release|Any CPU
		{5BEEB110-8B33-4E79-8AFF-C0014A28FD8C}.Release|Any CPU.Build.0 = Release|Any CPU
	EndGlobalSection
	GlobalSection(SolutionProperties) = preSolution
		HideSolutionNode = FALSE
	EndGlobalSection
	GlobalSection(ExtensibilityGlobals) = postSolution
		SolutionGuid = {EE887448-A374-4F5F-9A74-EF200BFCE2F5}
	EndGlobalSection
EndGlobal
